// !$*UTF8*$!
{
	archiveVersion = 1;
	classes = {
	};
	objectVersion = 46;
	objects = {

/* Begin PBXBuildFile section */
		5001801818785C4100AEC80D /* Foundation.framework in Frameworks */ = {isa = PBXBuildFile; fileRef = 5001801718785C4100AEC80D /* Foundation.framework */; };
		5001801A18785C4100AEC80D /* CoreGraphics.framework in Frameworks */ = {isa = PBXBuildFile; fileRef = 5001801918785C4100AEC80D /* CoreGraphics.framework */; };
		5001801C18785C4100AEC80D /* UIKit.framework in Frameworks */ = {isa = PBXBuildFile; fileRef = 5001801B18785C4100AEC80D /* UIKit.framework */; };
		5001802218785C4100AEC80D /* InfoPlist.strings in Resources */ = {isa = PBXBuildFile; fileRef = 5001802018785C4100AEC80D /* InfoPlist.strings */; };
		5001802418785C4100AEC80D /* main.m in Sources */ = {isa = PBXBuildFile; fileRef = 5001802318785C4100AEC80D /* main.m */; };
		5001802818785C4100AEC80D /* AppDelegate.m in Sources */ = {isa = PBXBuildFile; fileRef = 5001802718785C4100AEC80D /* AppDelegate.m */; };
		5001802B18785C4100AEC80D /* Main.storyboard in Resources */ = {isa = PBXBuildFile; fileRef = 5001802918785C4100AEC80D /* Main.storyboard */; };
		5001802E18785C4100AEC80D /* ViewController.m in Sources */ = {isa = PBXBuildFile; fileRef = 5001802D18785C4100AEC80D /* ViewController.m */; };
		5001803018785C4100AEC80D /* Images.xcassets in Resources */ = {isa = PBXBuildFile; fileRef = 5001802F18785C4100AEC80D /* Images.xcassets */; };
		5001803718785C4100AEC80D /* XCTest.framework in Frameworks */ = {isa = PBXBuildFile; fileRef = 5001803618785C4100AEC80D /* XCTest.framework */; };
		5001803818785C4100AEC80D /* Foundation.framework in Frameworks */ = {isa = PBXBuildFile; fileRef = 5001801718785C4100AEC80D /* Foundation.framework */; };
		5001803918785C4100AEC80D /* UIKit.framework in Frameworks */ = {isa = PBXBuildFile; fileRef = 5001801B18785C4100AEC80D /* UIKit.framework */; };
		5001804118785C4100AEC80D /* InfoPlist.strings in Resources */ = {isa = PBXBuildFile; fileRef = 5001803F18785C4100AEC80D /* InfoPlist.strings */; };
		5001804318785C4100AEC80D /* TransitionsTests.m in Sources */ = {isa = PBXBuildFile; fileRef = 5001804218785C4100AEC80D /* TransitionsTests.m */; };
/* End PBXBuildFile section */

/* Begin PBXContainerItemProxy section */
		5001803A18785C4100AEC80D /* PBXContainerItemProxy */ = {
			isa = PBXContainerItemProxy;
			containerPortal = 5001800C18785C4100AEC80D /* Project object */;
			proxyType = 1;
			remoteGlobalIDString = 5001801318785C4100AEC80D;
			remoteInfo = Transitions;
		};
/* End PBXContainerItemProxy section */

/* Begin PBXFileReference section */
		5001801418785C4100AEC80D /* Transitions.app */ = {isa = PBXFileReference; explicitFileType = wrapper.application; includeInIndex = 0; path = Transitions.app; sourceTree = BUILT_PRODUCTS_DIR; };
		5001801718785C4100AEC80D /* Foundation.framework */ = {isa = PBXFileReference; lastKnownFileType = wrapper.framework; name = Foundation.framework; path = System/Library/Frameworks/Foundation.framework; sourceTree = SDKROOT; };
		5001801918785C4100AEC80D /* CoreGraphics.framework */ = {isa = PBXFileReference; lastKnownFileType = wrapper.framework; name = CoreGraphics.framework; path = System/Library/Frameworks/CoreGraphics.framework; sourceTree = SDKROOT; };
		5001801B18785C4100AEC80D /* UIKit.framework */ = {isa = PBXFileReference; lastKnownFileType = wrapper.framework; name = UIKit.framework; path = System/Library/Frameworks/UIKit.framework; sourceTree = SDKROOT; };
		5001801F18785C4100AEC80D /* Transitions-Info.plist */ = {isa = PBXFileReference; lastKnownFileType = text.plist.xml; path = "Transitions-Info.plist"; sourceTree = "<group>"; };
		5001802118785C4100AEC80D /* en */ = {isa = PBXFileReference; lastKnownFileType = text.plist.strings; name = en; path = en.lproj/InfoPlist.strings; sourceTree = "<group>"; };
		5001802318785C4100AEC80D /* main.m */ = {isa = PBXFileReference; lastKnownFileType = sourcecode.c.objc; path = main.m; sourceTree = "<group>"; };
		5001802518785C4100AEC80D /* Transitions-Prefix.pch */ = {isa = PBXFileReference; lastKnownFileType = sourcecode.c.h; path = "Transitions-Prefix.pch"; sourceTree = "<group>"; };
		5001802618785C4100AEC80D /* AppDelegate.h */ = {isa = PBXFileReference; lastKnownFileType = sourcecode.c.h; path = AppDelegate.h; sourceTree = "<group>"; };
		5001802718785C4100AEC80D /* AppDelegate.m */ = {isa = PBXFileReference; lastKnownFileType = sourcecode.c.objc; path = AppDelegate.m; sourceTree = "<group>"; };
		5001802A18785C4100AEC80D /* Base */ = {isa = PBXFileReference; lastKnownFileType = file.storyboard; name = Base; path = Base.lproj/Main.storyboard; sourceTree = "<group>"; };
		5001802C18785C4100AEC80D /* ViewController.h */ = {isa = PBXFileReference; lastKnownFileType = sourcecode.c.h; path = ViewController.h; sourceTree = "<group>"; };
		5001802D18785C4100AEC80D /* ViewController.m */ = {isa = PBXFileReference; lastKnownFileType = sourcecode.c.objc; path = ViewController.m; sourceTree = "<group>"; };
		5001802F18785C4100AEC80D /* Images.xcassets */ = {isa = PBXFileReference; lastKnownFileType = folder.assetcatalog; path = Images.xcassets; sourceTree = "<group>"; };
		5001803518785C4100AEC80D /* TransitionsTests.xctest */ = {isa = PBXFileReference; explicitFileType = wrapper.cfbundle; includeInIndex = 0; path = TransitionsTests.xctest; sourceTree = BUILT_PRODUCTS_DIR; };
		5001803618785C4100AEC80D /* XCTest.framework */ = {isa = PBXFileReference; lastKnownFileType = wrapper.framework; name = XCTest.framework; path = Library/Frameworks/XCTest.framework; sourceTree = DEVELOPER_DIR; };
		5001803E18785C4100AEC80D /* TransitionsTests-Info.plist */ = {isa = PBXFileReference; lastKnownFileType = text.plist.xml; path = "TransitionsTests-Info.plist"; sourceTree = "<group>"; };
		5001804018785C4100AEC80D /* en */ = {isa = PBXFileReference; lastKnownFileType = text.plist.strings; name = en; path = en.lproj/InfoPlist.strings; sourceTree = "<group>"; };
		5001804218785C4100AEC80D /* TransitionsTests.m */ = {isa = PBXFileReference; lastKnownFileType = sourcecode.c.objc; path = TransitionsTests.m; sourceTree = "<group>"; };
/* End PBXFileReference section */

/* Begin PBXFrameworksBuildPhase section */
		5001801118785C4100AEC80D /* Frameworks */ = {
			isa = PBXFrameworksBuildPhase;
			buildActionMask = 2147483647;
			files = (
				5001801A18785C4100AEC80D /* CoreGraphics.framework in Frameworks */,
				5001801C18785C4100AEC80D /* UIKit.framework in Frameworks */,
				5001801818785C4100AEC80D /* Foundation.framework in Frameworks */,
			);
			runOnlyForDeploymentPostprocessing = 0;
		};
		5001803218785C4100AEC80D /* Frameworks */ = {
			isa = PBXFrameworksBuildPhase;
			buildActionMask = 2147483647;
			files = (
				5001803718785C4100AEC80D /* XCTest.framework in Frameworks */,
				5001803918785C4100AEC80D /* UIKit.framework in Frameworks */,
				5001803818785C4100AEC80D /* Foundation.framework in Frameworks */,
			);
			runOnlyForDeploymentPostprocessing = 0;
		};
/* End PBXFrameworksBuildPhase section */

/* Begin PBXGroup section */
		5001800B18785C4100AEC80D = {
			isa = PBXGroup;
			children = (
				5001801D18785C4100AEC80D /* Transitions */,
				5001803C18785C4100AEC80D /* TransitionsTests */,
				5001801618785C4100AEC80D /* Frameworks */,
				5001801518785C4100AEC80D /* Products */,
			);
			sourceTree = "<group>";
		};
		5001801518785C4100AEC80D /* Products */ = {
			isa = PBXGroup;
			children = (
				5001801418785C4100AEC80D /* Transitions.app */,
				5001803518785C4100AEC80D /* TransitionsTests.xctest */,
			);
			name = Products;
			sourceTree = "<group>";
		};
		5001801618785C4100AEC80D /* Frameworks */ = {
			isa = PBXGroup;
			children = (
				5001801718785C4100AEC80D /* Foundation.framework */,
				5001801918785C4100AEC80D /* CoreGraphics.framework */,
				5001801B18785C4100AEC80D /* UIKit.framework */,
				5001803618785C4100AEC80D /* XCTest.framework */,
			);
			name = Frameworks;
			sourceTree = "<group>";
		};
		5001801D18785C4100AEC80D /* Transitions */ = {
			isa = PBXGroup;
			children = (
				5001802618785C4100AEC80D /* AppDelegate.h */,
				5001802718785C4100AEC80D /* AppDelegate.m */,
				5001802918785C4100AEC80D /* Main.storyboard */,
				5001802C18785C4100AEC80D /* ViewController.h */,
				5001802D18785C4100AEC80D /* ViewController.m */,
				5001802F18785C4100AEC80D /* Images.xcassets */,
				5001801E18785C4100AEC80D /* Supporting Files */,
			);
			path = Transitions;
			sourceTree = "<group>";
		};
		5001801E18785C4100AEC80D /* Supporting Files */ = {
			isa = PBXGroup;
			children = (
				5001801F18785C4100AEC80D /* Transitions-Info.plist */,
				5001802018785C4100AEC80D /* InfoPlist.strings */,
				5001802318785C4100AEC80D /* main.m */,
				5001802518785C4100AEC80D /* Transitions-Prefix.pch */,
			);
			name = "Supporting Files";
			sourceTree = "<group>";
		};
		5001803C18785C4100AEC80D /* TransitionsTests */ = {
			isa = PBXGroup;
			children = (
				5001804218785C4100AEC80D /* TransitionsTests.m */,
				5001803D18785C4100AEC80D /* Supporting Files */,
			);
			path = TransitionsTests;
			sourceTree = "<group>";
		};
		5001803D18785C4100AEC80D /* Supporting Files */ = {
			isa = PBXGroup;
			children = (
				5001803E18785C4100AEC80D /* TransitionsTests-Info.plist */,
				5001803F18785C4100AEC80D /* InfoPlist.strings */,
			);
			name = "Supporting Files";
			sourceTree = "<group>";
		};
/* End PBXGroup section */

/* Begin PBXNativeTarget section */
		5001801318785C4100AEC80D /* Transitions */ = {
			isa = PBXNativeTarget;
			buildConfigurationList = 5001804618785C4100AEC80D /* Build configuration list for PBXNativeTarget "Transitions" */;
			buildPhases = (
				5001801018785C4100AEC80D /* Sources */,
				5001801118785C4100AEC80D /* Frameworks */,
				5001801218785C4100AEC80D /* Resources */,
			);
			buildRules = (
			);
			dependencies = (
			);
			name = Transitions;
			productName = Transitions;
			productReference = 5001801418785C4100AEC80D /* Transitions.app */;
			productType = "com.apple.product-type.application";
		};
		5001803418785C4100AEC80D /* TransitionsTests */ = {
			isa = PBXNativeTarget;
			buildConfigurationList = 5001804918785C4100AEC80D /* Build configuration list for PBXNativeTarget "TransitionsTests" */;
			buildPhases = (
				5001803118785C4100AEC80D /* Sources */,
				5001803218785C4100AEC80D /* Frameworks */,
				5001803318785C4100AEC80D /* Resources */,
			);
			buildRules = (
			);
			dependencies = (
				5001803B18785C4100AEC80D /* PBXTargetDependency */,
			);
			name = TransitionsTests;
			productName = TransitionsTests;
			productReference = 5001803518785C4100AEC80D /* TransitionsTests.xctest */;
			productType = "com.apple.product-type.bundle.unit-test";
		};
/* End PBXNativeTarget section */

/* Begin PBXProject section */
		5001800C18785C4100AEC80D /* Project object */ = {
			isa = PBXProject;
			attributes = {
				LastUpgradeCheck = 0500;
				ORGANIZATIONNAME = max;
				TargetAttributes = {
					5001803418785C4100AEC80D = {
						TestTargetID = 5001801318785C4100AEC80D;
					};
				};
			};
			buildConfigurationList = 5001800F18785C4100AEC80D /* Build configuration list for PBXProject "Transitions" */;
			compatibilityVersion = "Xcode 3.2";
			developmentRegion = English;
			hasScannedForEncodings = 0;
			knownRegions = (
				en,
				Base,
			);
			mainGroup = 5001800B18785C4100AEC80D;
			productRefGroup = 5001801518785C4100AEC80D /* Products */;
			projectDirPath = "";
			projectRoot = "";
			targets = (
				5001801318785C4100AEC80D /* Transitions */,
				5001803418785C4100AEC80D /* TransitionsTests */,
			);
		};
/* End PBXProject section */

/* Begin PBXResourcesBuildPhase section */
		5001801218785C4100AEC80D /* Resources */ = {
			isa = PBXResourcesBuildPhase;
			buildActionMask = 2147483647;
			files = (
				5001803018785C4100AEC80D /* Images.xcassets in Resources */,
				5001802218785C4100AEC80D /* InfoPlist.strings in Resources */,
				5001802B18785C4100AEC80D /* Main.storyboard in Resources */,
			);
			runOnlyForDeploymentPostprocessing = 0;
		};
		5001803318785C4100AEC80D /* Resources */ = {
			isa = PBXResourcesBuildPhase;
			buildActionMask = 2147483647;
			files = (
				5001804118785C4100AEC80D /* InfoPlist.strings in Resources */,
			);
			runOnlyForDeploymentPostprocessing = 0;
		};
/* End PBXResourcesBuildPhase section */

/* Begin PBXSourcesBuildPhase section */
		5001801018785C4100AEC80D /* Sources */ = {
			isa = PBXSourcesBuildPhase;
			buildActionMask = 2147483647;
			files = (
				5001802E18785C4100AEC80D /* ViewController.m in Sources */,
				5001802818785C4100AEC80D /* AppDelegate.m in Sources */,
				5001802418785C4100AEC80D /* main.m in Sources */,
			);
			runOnlyForDeploymentPostprocessing = 0;
		};
		5001803118785C4100AEC80D /* Sources */ = {
			isa = PBXSourcesBuildPhase;
			buildActionMask = 2147483647;
			files = (
				5001804318785C4100AEC80D /* TransitionsTests.m in Sources */,
			);
			runOnlyForDeploymentPostprocessing = 0;
		};
/* End PBXSourcesBuildPhase section */

/* Begin PBXTargetDependency section */
		5001803B18785C4100AEC80D /* PBXTargetDependency */ = {
			isa = PBXTargetDependency;
			target = 5001801318785C4100AEC80D /* Transitions */;
			targetProxy = 5001803A18785C4100AEC80D /* PBXContainerItemProxy */;
		};
/* End PBXTargetDependency section */

/* Begin PBXVariantGroup section */
		5001802018785C4100AEC80D /* InfoPlist.strings */ = {
			isa = PBXVariantGroup;
			children = (
				5001802118785C4100AEC80D /* en */,
			);
			name = InfoPlist.strings;
			sourceTree = "<group>";
		};
		5001802918785C4100AEC80D /* Main.storyboard */ = {
			isa = PBXVariantGroup;
			children = (
				5001802A18785C4100AEC80D /* Base */,
			);
			name = Main.storyboard;
			sourceTree = "<group>";
		};
		5001803F18785C4100AEC80D /* InfoPlist.strings */ = {
			isa = PBXVariantGroup;
			children = (
				5001804018785C4100AEC80D /* en */,
			);
			name = InfoPlist.strings;
			sourceTree = "<group>";
		};
/* End PBXVariantGroup section */

/* Begin XCBuildConfiguration section */
		5001804418785C4100AEC80D /* Debug */ = {
			isa = XCBuildConfiguration;
			buildSettings = {
				ALWAYS_SEARCH_USER_PATHS = NO;
				ARCHS = "$(ARCHS_STANDARD_INCLUDING_64_BIT)";
				CLANG_CXX_LANGUAGE_STANDARD = "gnu++0x";
				CLANG_CXX_LIBRARY = "libc++";
				CLANG_ENABLE_MODULES = YES;
				CLANG_ENABLE_OBJC_ARC = YES;
				CLANG_WARN_BOOL_CONVERSION = YES;
				CLANG_WARN_CONSTANT_CONVERSION = YES;
				CLANG_WARN_DIRECT_OBJC_ISA_USAGE = YES_ERROR;
				CLANG_WARN_EMPTY_BODY = YES;
				CLANG_WARN_ENUM_CONVERSION = YES;
				CLANG_WARN_INT_CONVERSION = YES;
				CLANG_WARN_OBJC_ROOT_CLASS = YES_ERROR;
				CLANG_WARN__DUPLICATE_METHOD_MATCH = YES;
				"CODE_SIGN_IDENTITY[sdk=iphoneos*]" = "iPhone Developer";
				COPY_PHASE_STRIP = NO;
				GCC_C_LANGUAGE_STANDARD = gnu99;
				GCC_DYNAMIC_NO_PIC = NO;
				GCC_OPTIMIZATION_LEVEL = 0;
				GCC_PREPROCESSOR_DEFINITIONS = (
					"DEBUG=1",
					"$(inherited)",
				);
				GCC_SYMBOLS_PRIVATE_EXTERN = NO;
				GCC_WARN_64_TO_32_BIT_CONVERSION = YES;
				GCC_WARN_ABOUT_RETURN_TYPE = YES_ERROR;
				GCC_WARN_UNDECLARED_SELECTOR = YES;
				GCC_WARN_UNINITIALIZED_AUTOS = YES;
				GCC_WARN_UNUSED_FUNCTION = YES;
				GCC_WARN_UNUSED_VARIABLE = YES;
				IPHONEOS_DEPLOYMENT_TARGET = 7.0;
				ONLY_ACTIVE_ARCH = YES;
				SDKROOT = iphoneos;
			};
			name = Debug;
		};
		5001804518785C4100AEC80D /* Release */ = {
			isa = XCBuildConfiguration;
			buildSettings = {
				ALWAYS_SEARCH_USER_PATHS = NO;
				ARCHS = "$(ARCHS_STANDARD_INCLUDING_64_BIT)";
				CLANG_CXX_LANGUAGE_STANDARD = "gnu++0x";
				CLANG_CXX_LIBRARY = "libc++";
				CLANG_ENABLE_MODULES = YES;
				CLANG_ENABLE_OBJC_ARC = YES;
				CLANG_WARN_BOOL_CONVERSION = YES;
				CLANG_WARN_CONSTANT_CONVERSION = YES;
				CLANG_WARN_DIRECT_OBJC_ISA_USAGE = YES_ERROR;
				CLANG_WARN_EMPTY_BODY = YES;
				CLANG_WARN_ENUM_CONVERSION = YES;
				CLANG_WARN_INT_CONVERSION = YES;
				CLANG_WARN_OBJC_ROOT_CLASS = YES_ERROR;
				CLANG_WARN__DUPLICATE_METHOD_MATCH = YES;
				"CODE_SIGN_IDENTITY[sdk=iphoneos*]" = "iPhone Developer";
				COPY_PHASE_STRIP = YES;
				ENABLE_NS_ASSERTIONS = NO;
				GCC_C_LANGUAGE_STANDARD = gnu99;
				GCC_WARN_64_TO_32_BIT_CONVERSION = YES;
				GCC_WARN_ABOUT_RETURN_TYPE = YES_ERROR;
				GCC_WARN_UNDECLARED_SELECTOR = YES;
				GCC_WARN_UNINITIALIZED_AUTOS = YES;
				GCC_WARN_UNUSED_FUNCTION = YES;
				GCC_WARN_UNUSED_VARIABLE = YES;
				IPHONEOS_DEPLOYMENT_TARGET = 7.0;
				SDKROOT = iphoneos;
				VALIDATE_PRODUCT = YES;
			};
			name = Release;
		};
		5001804718785C4100AEC80D /* Debug */ = {
			isa = XCBuildConfiguration;
			buildSettings = {
				ASSETCATALOG_COMPILER_APPICON_NAME = AppIcon;
				ASSETCATALOG_COMPILER_LAUNCHIMAGE_NAME = LaunchImage;
				GCC_PRECOMPILE_PREFIX_HEADER = YES;
				GCC_PREFIX_HEADER = "Transitions/Transitions-Prefix.pch";
				INFOPLIST_FILE = "Transitions/Transitions-Info.plist";
				PRODUCT_NAME = "$(TARGET_NAME)";
				WRAPPER_EXTENSION = app;
			};
			name = Debug;
		};
		5001804818785C4100AEC80D /* Release */ = {
			isa = XCBuildConfiguration;
			buildSettings = {
				ASSETCATALOG_COMPILER_APPICON_NAME = AppIcon;
				ASSETCATALOG_COMPILER_LAUNCHIMAGE_NAME = LaunchImage;
				GCC_PRECOMPILE_PREFIX_HEADER = YES;
				GCC_PREFIX_HEADER = "Transitions/Transitions-Prefix.pch";
				INFOPLIST_FILE = "Transitions/Transitions-Info.plist";
				PRODUCT_NAME = "$(TARGET_NAME)";
				WRAPPER_EXTENSION = app;
			};
			name = Release;
		};
		5001804A18785C4100AEC80D /* Debug */ = {
			isa = XCBuildConfiguration;
			buildSettings = {
				ARCHS = "$(ARCHS_STANDARD_INCLUDING_64_BIT)";
				BUNDLE_LOADER = "$(BUILT_PRODUCTS_DIR)/Transitions.app/Transitions";
				FRAMEWORK_SEARCH_PATHS = (
					"$(SDKROOT)/Developer/Library/Frameworks",
					"$(inherited)",
					"$(DEVELOPER_FRAMEWORKS_DIR)",
				);
				GCC_PRECOMPILE_PREFIX_HEADER = YES;
				GCC_PREFIX_HEADER = "Transitions/Transitions-Prefix.pch";
				GCC_PREPROCESSOR_DEFINITIONS = (
					"DEBUG=1",
					"$(inherited)",
				);
				INFOPLIST_FILE = "TransitionsTests/TransitionsTests-Info.plist";
				PRODUCT_NAME = "$(TARGET_NAME)";
				TEST_HOST = "$(BUNDLE_LOADER)";
				WRAPPER_EXTENSION = xctest;
			};
			name = Debug;
		};
		5001804B18785C4100AEC80D /* Release */ = {
			isa = XCBuildConfiguration;
			buildSettings = {
				ARCHS = "$(ARCHS_STANDARD_INCLUDING_64_BIT)";
				BUNDLE_LOADER = "$(BUILT_PRODUCTS_DIR)/Transitions.app/Transitions";
				FRAMEWORK_SEARCH_PATHS = (
					"$(SDKROOT)/Developer/Library/Frameworks",
					"$(inherited)",
					"$(DEVELOPER_FRAMEWORKS_DIR)",
				);
				GCC_PRECOMPILE_PREFIX_HEADER = YES;
				GCC_PREFIX_HEADER = "Transitions/Transitions-Prefix.pch";
				INFOPLIST_FILE = "TransitionsTests/TransitionsTests-Info.plist";
				PRODUCT_NAME = "$(TARGET_NAME)";
				TEST_HOST = "$(BUNDLE_LOADER)";
				WRAPPER_EXTENSION = xctest;
			};
			name = Release;
		};
/* End XCBuildConfiguration section */

/* Begin XCConfigurationList section */
		5001800F18785C4100AEC80D /* Build configuration list for PBXProject "Transitions" */ = {
			isa = XCConfigurationList;
			buildConfigurations = (
				5001804418785C4100AEC80D /* Debug */,
				5001804518785C4100AEC80D /* Release */,
			);
			defaultConfigurationIsVisible = 0;
			defaultConfigurationName = Release;
		};
		5001804618785C4100AEC80D /* Build configuration list for PBXNativeTarget "Transitions" */ = {
			isa = XCConfigurationList;
			buildConfigurations = (
				5001804718785C4100AEC80D /* Debug */,
				5001804818785C4100AEC80D /* Release */,
			);
			defaultConfigurationIsVisible = 0;
		};
		5001804918785C4100AEC80D /* Build configuration list for PBXNativeTarget "TransitionsTests" */ = {
			isa = XCConfigurationList;
			buildConfigurations = (
				5001804A18785C4100AEC80D /* Debug */,
				5001804B18785C4100AEC80D /* Release */,
			);
			defaultConfigurationIsVisible = 0;
		};
/* End XCConfigurationList section */
	};
	rootObject = 5001800C18785C4100AEC80D /* Project object */;
}
